<?xml version="1.0" encoding="utf-8"?>
<Project ToolsVersion="4.0" xmlns="http://schemas.microsoft.com/developer/msbuild/2003">
  <ItemGroup>
    <ClCompile Include="..\..\Framework\DmfBranchTrack.c">
      <Filter>Framework</Filter>
    </ClCompile>
    <ClCompile Include="..\..\Framework\DmfCall.c">
      <Filter>Framework</Filter>
    </ClCompile>
    <ClCompile Include="..\..\Framework\DmfContainer.c">
      <Filter>Framework</Filter>
    </ClCompile>
    <ClCompile Include="..\..\Framework\DmfCore.c">
      <Filter>Framework</Filter>
    </ClCompile>
    <ClCompile Include="..\..\Framework\DmfFilter.c">
      <Filter>Framework</Filter>
    </ClCompile>
    <ClCompile Include="..\..\Framework\DmfGeneric.c">
      <Filter>Framework</Filter>
    </ClCompile>
    <ClCompile Include="..\..\Framework\DmfHelpers.c">
      <Filter>Framework</Filter>
    </ClCompile>
    <ClCompile Include="..\..\Framework\DmfInternal.c">
      <Filter>Framework</Filter>
    </ClCompile>
    <ClCompile Include="..\..\Framework\DmfModuleCollection.c">
      <Filter>Framework</Filter>
    </ClCompile>
    <ClCompile Include="..\..\Framework\DmfPortable.c">
      <Filter>Framework</Filter>
    </ClCompile>
    <ClCompile Include="..\..\Framework\DmfValidate.c">
      <Filter>Framework</Filter>
    </ClCompile>
    <ClCompile Include="..\..\Framework\DmfDeviceInit.c">
      <Filter>Framework</Filter>
    </ClCompile>
    <ClCompile Include="..\..\Framework\DmfLiveKernelDump.c">
      <Filter>Framework</Filter>
    </ClCompile>
    <ClCompile Include="..\..\Framework\DmfUtility.c">
      <Filter>Framework</Filter>
    </ClCompile>
    <ClCompile Include="..\..\Framework\DmfInterfaceInternal.c">
      <Filter>Framework</Filter>
    </ClCompile>
    <ClCompile Include="..\..\Framework\Modules.Core\Dmf_BranchTrack.c">
      <Filter>Modules\Features</Filter>
    </ClCompile>
    <ClCompile Include="..\..\Framework\Modules.Core\Dmf_LiveKernelDump.c">
      <Filter>Modules\Features</Filter>
    </ClCompile>
    <ClCompile Include="..\..\Framework\Modules.Core\Dmf_Bridge.c">
      <Filter>Modules\Features</Filter>
    </ClCompile>
  </ItemGroup>
  <ItemGroup>
    <ClInclude Include="..\..\Framework\DmfTrace.h">
      <Filter>Headers\Framework</Filter>
    </ClInclude>
    <ClInclude Include="..\..\Framework\DmfIncludeInternal.h">
      <Filter>Headers\Framework</Filter>
    </ClInclude>
    <ClInclude Include="..\..\Framework\DmfModule.h">
      <Filter>Headers\Framework</Filter>
    </ClInclude>
    <ClInclude Include="..\..\Framework\Modules.Core\Dmf_BranchTrack.h">
      <Filter>Headers\Modules\Features</Filter>
    </ClInclude>
    <ClInclude Include="..\..\Framework\Modules.Core\Dmf_Bridge.h">
      <Filter>Headers\Modules\Features</Filter>
    </ClInclude>
    <ClInclude Include="..\..\Framework\Modules.Core\Dmf_BranchTrack_Public.h">
      <Filter>Headers\Modules\Features</Filter>
    </ClInclude>
    <ClInclude Include="..\..\Framework\Modules.Core\Dmf_LiveKernelDump.h">
      <Filter>Headers\Modules\Features</Filter>
    </ClInclude>
    <ClInclude Include="..\..\Framework\Modules.Core\DmfModules.Core.h">
      <Filter>Headers</Filter>
    </ClInclude>
    <ClInclude Include="..\..\Framework\Modules.Core\DmfModules.Core.Public.h">
      <Filter>Headers</Filter>
    </ClInclude>
    <ClInclude Include="..\..\Framework\DmfDefinitions.h">
      <Filter>Headers\Framework</Filter>
    </ClInclude>
    <ClInclude Include="..\..\Framework\Modules.Core\DmfModules.Core.Trace.h">
      <Filter>Headers</Filter>
    </ClInclude>
    <ClInclude Include="..\..\Framework\DmfIncludes_KERNEL_MODE.h">
      <Filter>Headers\Framework</Filter>
    </ClInclude>
    <ClInclude Include="..\..\Framework\DmfIncludes.h">
      <Filter>Headers\Framework</Filter>
    </ClInclude>
  </ItemGroup>
  <ItemGroup>
    <Filter Include="Headers">
      <UniqueIdentifier>{d55e4247-89a3-4e46-a5e9-6730d2b08ad9}</UniqueIdentifier>
    </Filter>
    <Filter Include="Framework">
      <UniqueIdentifier>{86afc3c4-3946-4e45-8cd5-1c5f13cb4227}</UniqueIdentifier>
    </Filter>
    <Filter Include="Headers\Framework">
      <UniqueIdentifier>{f87df850-acfd-4dab-bd3c-51d547b7ee9c}</UniqueIdentifier>
    </Filter>
    <Filter Include="Documentation">
      <UniqueIdentifier>{35f556c1-6746-433f-adec-3e8b95846f25}</UniqueIdentifier>
    </Filter>
    <Filter Include="Documentation\Modules">
      <UniqueIdentifier>{0a34529c-d42b-4ade-8a11-dd01345b3fc8}</UniqueIdentifier>
    </Filter>
    <Filter Include="Documentation\Modules\Features">
      <UniqueIdentifier>{72953d90-aa65-48ee-aa54-c90abc436129}</UniqueIdentifier>
    </Filter>
    <Filter Include="Headers\Modules">
      <UniqueIdentifier>{b7cf4008-154b-42fa-a5d3-3eaa972d5b58}</UniqueIdentifier>
    </Filter>
    <Filter Include="Modules">
      <UniqueIdentifier>{e0f5e838-13a1-4ecb-8316-b7ac60af1386}</UniqueIdentifier>
    </Filter>
    <Filter Include="Headers\Modules\Features">
      <UniqueIdentifier>{9f153b90-4d15-4111-b892-f5c0ee6f0fbb}</UniqueIdentifier>
    </Filter>
    <Filter Include="Modules\Features">
      <UniqueIdentifier>{7843d9e7-45be-45cc-bfa3-34edb96e79fd}</UniqueIdentifier>
    </Filter>
  </ItemGroup>
  <ItemGroup>
    <Text Include="..\..\Framework\Modules.Core\Dmf_LiveKernelDump.md">
      <Filter>Documentation\Modules\Features</Filter>
    </Text>
  </ItemGroup>
</Project>