
Microsoft Visual Studio Solution File, Format Version 12.00
# Visual Studio Version 16
VisualStudioVersion = 16.0.31205.134
MinimumVisualStudioVersion = 10.0.40219.1
Project("{8BC9CEB8-8B4A-11D0-8D11-00A0C91BC942}") = "DmfK", "Dmf\Solution\DmfK\DmfK.vcxproj", "{241252E8-4ADE-42E5-B34B-AEFD33B9698E}"
	ProjectSection(ProjectDependencies) = postProject
		{7ED5D018-8523-4647-8A71-9CA73118FF7A} = {7ED5D018-8523-4647-8A71-9CA73118FF7A}
		{A603433B-6AE6-419D-AD1A-103809B82745} = {A603433B-6AE6-419D-AD1A-103809B82745}
		{E4BB47E7-F800-46C7-9837-9C3E5D0F456B} = {E4BB47E7-F800-46C7-9837-9C3E5D0F456B}
		{7CD49BFE-26BB-423E-8093-980F28A34389} = {7CD49BFE-26BB-423E-8093-980F28A34389}
	EndProjectSection
EndProject
Project("{8BC9CEB8-8B4A-11D0-8D11-00A0C91BC942}") = "DmfKModules.Library", "Dmf\Solution\DmfKModules.Library\DmfKModules.Library.vcxproj", "{7CD49BFE-26BB-423E-8093-980F28A34389}"
EndProject
Project("{8BC9CEB8-8B4A-11D0-8D11-00A0C91BC942}") = "DmfKModules.Template", "Dmf\Solution\DmfKModules.Template\DmfKModules.Template.vcxproj", "{7ED5D018-8523-4647-8A71-9CA73118FF7A}"
	ProjectSection(ProjectDependencies) = postProject
		{7CD49BFE-26BB-423E-8093-980F28A34389} = {7CD49BFE-26BB-423E-8093-980F28A34389}
	EndProjectSection
EndProject
Project("{8BC9CEB8-8B4A-11D0-8D11-00A0C91BC942}") = "DmfKFramework", "Dmf\Solution\DmfKFramework\DmfKFramework.vcxproj", "{A603433B-6AE6-419D-AD1A-103809B82745}"
EndProject
Project("{8BC9CEB8-8B4A-11D0-8D11-00A0C91BC942}") = "DmfUFramework", "Dmf\Solution\DmfUFramework\DmfUFramework.vcxproj", "{F67112A2-88A8-4AD4-9ED5-E31090170C31}"
EndProject
Project("{8BC9CEB8-8B4A-11D0-8D11-00A0C91BC942}") = "DmfUModules.Library", "Dmf\Solution\DmfUModules.Library\DmfUModules.Library.vcxproj", "{4BDF1B1D-B01B-484A-BCBE-2D0B366CBBFC}"
EndProject
Project("{8BC9CEB8-8B4A-11D0-8D11-00A0C91BC942}") = "DmfUModules.Template", "Dmf\Solution\DmfUModules.Template\DmfUModules.Template.vcxproj", "{C163CB6E-82BF-4381-A606-357FE1DD2D48}"
	ProjectSection(ProjectDependencies) = postProject
		{4BDF1B1D-B01B-484A-BCBE-2D0B366CBBFC} = {4BDF1B1D-B01B-484A-BCBE-2D0B366CBBFC}
	EndProjectSection
EndProject
Project("{8BC9CEB8-8B4A-11D0-8D11-00A0C91BC942}") = "DmfU", "Dmf\Solution\DmfU\DmfU.vcxproj", "{FEBF910D-1CF9-4DDD-88AF-37642D6E2D1C}"
	ProjectSection(ProjectDependencies) = postProject
		{4BDF1B1D-B01B-484A-BCBE-2D0B366CBBFC} = {4BDF1B1D-B01B-484A-BCBE-2D0B366CBBFC}
		{C163CB6E-82BF-4381-A606-357FE1DD2D48} = {C163CB6E-82BF-4381-A606-357FE1DD2D48}
		{2F16597F-C98B-45EB-9DCF-F69C6993301D} = {2F16597F-C98B-45EB-9DCF-F69C6993301D}
		{F67112A2-88A8-4AD4-9ED5-E31090170C31} = {F67112A2-88A8-4AD4-9ED5-E31090170C31}
	EndProjectSection
EndProject
Project("{8BC9CEB8-8B4A-11D0-8D11-00A0C91BC942}") = "DmfKModules.Library.Tests", "Dmf\Solution\DmfKModules.Library.Tests\DmfKModules.Library.Tests.vcxproj", "{E4BB47E7-F800-46C7-9837-9C3E5D0F456B}"
	ProjectSection(ProjectDependencies) = postProject
		{7CD49BFE-26BB-423E-8093-980F28A34389} = {7CD49BFE-26BB-423E-8093-980F28A34389}
	EndProjectSection
EndProject
Project("{2150E333-8FDC-42A3-9474-1A3956D46DE8}") = "Documentation", "Documentation", "{B474F7F0-867B-4A9D-86FB-3D421186DEF3}"
	ProjectSection(SolutionItems) = preProject
		Dmf\Documentation\Driver Module Framework.md = Dmf\Documentation\Driver Module Framework.md
	EndProjectSection
EndProject
Project("{8BC9CEB8-8B4A-11D0-8D11-00A0C91BC942}") = "DmfUModules.Library.Tests", "Dmf\Solution\DmfUModules.Library.Tests\DmfUModules.Library.Tests.vcxproj", "{2F16597F-C98B-45EB-9DCF-F69C6993301D}"
	ProjectSection(ProjectDependencies) = postProject
		{4BDF1B1D-B01B-484A-BCBE-2D0B366CBBFC} = {4BDF1B1D-B01B-484A-BCBE-2D0B366CBBFC}
	EndProjectSection
EndProject
Global
	GlobalSection(SolutionConfigurationPlatforms) = preSolution
		Debug|ARM64 = Debug|ARM64
		Debug|Win32 = Debug|Win32
		Debug|x64 = Debug|x64
		Release|ARM64 = Release|ARM64
		Release|Win32 = Release|Win32
		Release|x64 = Release|x64
	EndGlobalSection
	GlobalSection(ProjectConfigurationPlatforms) = postSolution
		{241252E8-4ADE-42E5-B34B-AEFD33B9698E}.Debug|ARM64.ActiveCfg = Debug|ARM64
		{241252E8-4ADE-42E5-B34B-AEFD33B9698E}.Debug|ARM64.Build.0 = Debug|ARM64
		{241252E8-4ADE-42E5-B34B-AEFD33B9698E}.Debug|ARM64.Deploy.0 = Debug|ARM64
		{241252E8-4ADE-42E5-B34B-AEFD33B9698E}.Debug|Win32.ActiveCfg = Debug|Win32
		{241252E8-4ADE-42E5-B34B-AEFD33B9698E}.Debug|Win32.Build.0 = Debug|Win32
		{241252E8-4ADE-42E5-B34B-AEFD33B9698E}.Debug|Win32.Deploy.0 = Debug|Win32
		{241252E8-4ADE-42E5-B34B-AEFD33B9698E}.Debug|x64.ActiveCfg = Debug|x64
		{241252E8-4ADE-42E5-B34B-AEFD33B9698E}.Debug|x64.Build.0 = Debug|x64
		{241252E8-4ADE-42E5-B34B-AEFD33B9698E}.Debug|x64.Deploy.0 = Debug|x64
		{241252E8-4ADE-42E5-B34B-AEFD33B9698E}.Release|ARM64.ActiveCfg = Release|ARM64
		{241252E8-4ADE-42E5-B34B-AEFD33B9698E}.Release|ARM64.Build.0 = Release|ARM64
		{241252E8-4ADE-42E5-B34B-AEFD33B9698E}.Release|ARM64.Deploy.0 = Release|ARM64
		{241252E8-4ADE-42E5-B34B-AEFD33B9698E}.Release|Win32.ActiveCfg = Release|Win32
		{241252E8-4ADE-42E5-B34B-AEFD33B9698E}.Release|Win32.Build.0 = Release|Win32
		{241252E8-4ADE-42E5-B34B-AEFD33B9698E}.Release|Win32.Deploy.0 = Release|Win32
		{241252E8-4ADE-42E5-B34B-AEFD33B9698E}.Release|x64.ActiveCfg = Release|x64
		{241252E8-4ADE-42E5-B34B-AEFD33B9698E}.Release|x64.Build.0 = Release|x64
		{241252E8-4ADE-42E5-B34B-AEFD33B9698E}.Release|x64.Deploy.0 = Release|x64
		{7CD49BFE-26BB-423E-8093-980F28A34389}.Debug|ARM64.ActiveCfg = Debug|ARM64
		{7CD49BFE-26BB-423E-8093-980F28A34389}.Debug|ARM64.Build.0 = Debug|ARM64
		{7CD49BFE-26BB-423E-8093-980F28A34389}.Debug|ARM64.Deploy.0 = Debug|ARM64
		{7CD49BFE-26BB-423E-8093-980F28A34389}.Debug|Win32.ActiveCfg = Debug|Win32
		{7CD49BFE-26BB-423E-8093-980F28A34389}.Debug|Win32.Build.0 = Debug|Win32
		{7CD49BFE-26BB-423E-8093-980F28A34389}.Debug|Win32.Deploy.0 = Debug|Win32
		{7CD49BFE-26BB-423E-8093-980F28A34389}.Debug|x64.ActiveCfg = Debug|x64
		{7CD49BFE-26BB-423E-8093-980F28A34389}.Debug|x64.Build.0 = Debug|x64
		{7CD49BFE-26BB-423E-8093-980F28A34389}.Debug|x64.Deploy.0 = Debug|x64
		{7CD49BFE-26BB-423E-8093-980F28A34389}.Release|ARM64.ActiveCfg = Release|ARM64
		{7CD49BFE-26BB-423E-8093-980F28A34389}.Release|ARM64.Build.0 = Release|ARM64
		{7CD49BFE-26BB-423E-8093-980F28A34389}.Release|ARM64.Deploy.0 = Release|ARM64
		{7CD49BFE-26BB-423E-8093-980F28A34389}.Release|Win32.ActiveCfg = Release|Win32
		{7CD49BFE-26BB-423E-8093-980F28A34389}.Release|Win32.Build.0 = Release|Win32
		{7CD49BFE-26BB-423E-8093-980F28A34389}.Release|Win32.Deploy.0 = Release|Win32
		{7CD49BFE-26BB-423E-8093-980F28A34389}.Release|x64.ActiveCfg = Release|x64
		{7CD49BFE-26BB-423E-8093-980F28A34389}.Release|x64.Build.0 = Release|x64
		{7CD49BFE-26BB-423E-8093-980F28A34389}.Release|x64.Deploy.0 = Release|x64
		{7ED5D018-8523-4647-8A71-9CA73118FF7A}.Debug|ARM64.ActiveCfg = Debug|ARM64
		{7ED5D018-8523-4647-8A71-9CA73118FF7A}.Debug|ARM64.Build.0 = Debug|ARM64
		{7ED5D018-8523-4647-8A71-9CA73118FF7A}.Debug|ARM64.Deploy.0 = Debug|ARM64
		{7ED5D018-8523-4647-8A71-9CA73118FF7A}.Debug|Win32.ActiveCfg = Debug|Win32
		{7ED5D018-8523-4647-8A71-9CA73118FF7A}.Debug|Win32.Build.0 = Debug|Win32
		{7ED5D018-8523-4647-8A71-9CA73118FF7A}.Debug|Win32.Deploy.0 = Debug|Win32
		{7ED5D018-8523-4647-8A71-9CA73118FF7A}.Debug|x64.ActiveCfg = Debug|x64
		{7ED5D018-8523-4647-8A71-9CA73118FF7A}.Debug|x64.Build.0 = Debug|x64
		{7ED5D018-8523-4647-8A71-9CA73118FF7A}.Debug|x64.Deploy.0 = Debug|x64
		{7ED5D018-8523-4647-8A71-9CA73118FF7A}.Release|ARM64.ActiveCfg = Release|ARM64
		{7ED5D018-8523-4647-8A71-9CA73118FF7A}.Release|ARM64.Build.0 = Release|ARM64
		{7ED5D018-8523-4647-8A71-9CA73118FF7A}.Release|ARM64.Deploy.0 = Release|ARM64
		{7ED5D018-8523-4647-8A71-9CA73118FF7A}.Release|Win32.ActiveCfg = Release|Win32
		{7ED5D018-8523-4647-8A71-9CA73118FF7A}.Release|Win32.Build.0 = Release|Win32
		{7ED5D018-8523-4647-8A71-9CA73118FF7A}.Release|Win32.Deploy.0 = Release|Win32
		{7ED5D018-8523-4647-8A71-9CA73118FF7A}.Release|x64.ActiveCfg = Release|x64
		{7ED5D018-8523-4647-8A71-9CA73118FF7A}.Release|x64.Build.0 = Release|x64
		{7ED5D018-8523-4647-8A71-9CA73118FF7A}.Release|x64.Deploy.0 = Release|x64
		{A603433B-6AE6-419D-AD1A-103809B82745}.Debug|ARM64.ActiveCfg = Debug|ARM64
		{A603433B-6AE6-419D-AD1A-103809B82745}.Debug|ARM64.Build.0 = Debug|ARM64
		{A603433B-6AE6-419D-AD1A-103809B82745}.Debug|ARM64.Deploy.0 = Debug|ARM64
		{A603433B-6AE6-419D-AD1A-103809B82745}.Debug|Win32.ActiveCfg = Debug|Win32
		{A603433B-6AE6-419D-AD1A-103809B82745}.Debug|Win32.Build.0 = Debug|Win32
		{A603433B-6AE6-419D-AD1A-103809B82745}.Debug|Win32.Deploy.0 = Debug|Win32
		{A603433B-6AE6-419D-AD1A-103809B82745}.Debug|x64.ActiveCfg = Debug|x64
		{A603433B-6AE6-419D-AD1A-103809B82745}.Debug|x64.Build.0 = Debug|x64
		{A603433B-6AE6-419D-AD1A-103809B82745}.Debug|x64.Deploy.0 = Debug|x64
		{A603433B-6AE6-419D-AD1A-103809B82745}.Release|ARM64.ActiveCfg = Release|ARM64
		{A603433B-6AE6-419D-AD1A-103809B82745}.Release|ARM64.Build.0 = Release|ARM64
		{A603433B-6AE6-419D-AD1A-103809B82745}.Release|ARM64.Deploy.0 = Release|ARM64
		{A603433B-6AE6-419D-AD1A-103809B82745}.Release|Win32.ActiveCfg = Release|Win32
		{A603433B-6AE6-419D-AD1A-103809B82745}.Release|Win32.Build.0 = Release|Win32
		{A603433B-6AE6-419D-AD1A-103809B82745}.Release|Win32.Deploy.0 = Release|Win32
		{A603433B-6AE6-419D-AD1A-103809B82745}.Release|x64.ActiveCfg = Release|x64
		{A603433B-6AE6-419D-AD1A-103809B82745}.Release|x64.Build.0 = Release|x64
		{A603433B-6AE6-419D-AD1A-103809B82745}.Release|x64.Deploy.0 = Release|x64
		{F67112A2-88A8-4AD4-9ED5-E31090170C31}.Debug|ARM64.ActiveCfg = Debug|ARM64
		{F67112A2-88A8-4AD4-9ED5-E31090170C31}.Debug|ARM64.Build.0 = Debug|ARM64
		{F67112A2-88A8-4AD4-9ED5-E31090170C31}.Debug|ARM64.Deploy.0 = Debug|ARM64
		{F67112A2-88A8-4AD4-9ED5-E31090170C31}.Debug|Win32.ActiveCfg = Debug|Win32
		{F67112A2-88A8-4AD4-9ED5-E31090170C31}.Debug|Win32.Build.0 = Debug|Win32
		{F67112A2-88A8-4AD4-9ED5-E31090170C31}.Debug|Win32.Deploy.0 = Debug|Win32
		{F67112A2-88A8-4AD4-9ED5-E31090170C31}.Debug|x64.ActiveCfg = Debug|x64
		{F67112A2-88A8-4AD4-9ED5-E31090170C31}.Debug|x64.Build.0 = Debug|x64
		{F67112A2-88A8-4AD4-9ED5-E31090170C31}.Debug|x64.Deploy.0 = Debug|x64
		{F67112A2-88A8-4AD4-9ED5-E31090170C31}.Release|ARM64.ActiveCfg = Release|ARM64
		{F67112A2-88A8-4AD4-9ED5-E31090170C31}.Release|ARM64.Build.0 = Release|ARM64
		{F67112A2-88A8-4AD4-9ED5-E31090170C31}.Release|ARM64.Deploy.0 = Release|ARM64
		{F67112A2-88A8-4AD4-9ED5-E31090170C31}.Release|Win32.ActiveCfg = Release|Win32
		{F67112A2-88A8-4AD4-9ED5-E31090170C31}.Release|Win32.Build.0 = Release|Win32
		{F67112A2-88A8-4AD4-9ED5-E31090170C31}.Release|Win32.Deploy.0 = Release|Win32
		{F67112A2-88A8-4AD4-9ED5-E31090170C31}.Release|x64.ActiveCfg = Release|x64
		{F67112A2-88A8-4AD4-9ED5-E31090170C31}.Release|x64.Build.0 = Release|x64
		{F67112A2-88A8-4AD4-9ED5-E31090170C31}.Release|x64.Deploy.0 = Release|x64
		{4BDF1B1D-B01B-484A-BCBE-2D0B366CBBFC}.Debug|ARM64.ActiveCfg = Debug|ARM64
		{4BDF1B1D-B01B-484A-BCBE-2D0B366CBBFC}.Debug|ARM64.Build.0 = Debug|ARM64
		{4BDF1B1D-B01B-484A-BCBE-2D0B366CBBFC}.Debug|ARM64.Deploy.0 = Debug|ARM64
		{4BDF1B1D-B01B-484A-BCBE-2D0B366CBBFC}.Debug|Win32.ActiveCfg = Debug|Win32
		{4BDF1B1D-B01B-484A-BCBE-2D0B366CBBFC}.Debug|Win32.Build.0 = Debug|Win32
		{4BDF1B1D-B01B-484A-BCBE-2D0B366CBBFC}.Debug|Win32.Deploy.0 = Debug|Win32
		{4BDF1B1D-B01B-484A-BCBE-2D0B366CBBFC}.Debug|x64.ActiveCfg = Debug|x64
		{4BDF1B1D-B01B-484A-BCBE-2D0B366CBBFC}.Debug|x64.Build.0 = Debug|x64
		{4BDF1B1D-B01B-484A-BCBE-2D0B366CBBFC}.Debug|x64.Deploy.0 = Debug|x64
		{4BDF1B1D-B01B-484A-BCBE-2D0B366CBBFC}.Release|ARM64.ActiveCfg = Release|ARM64
		{4BDF1B1D-B01B-484A-BCBE-2D0B366CBBFC}.Release|ARM64.Build.0 = Release|ARM64
		{4BDF1B1D-B01B-484A-BCBE-2D0B366CBBFC}.Release|ARM64.Deploy.0 = Release|ARM64
		{4BDF1B1D-B01B-484A-BCBE-2D0B366CBBFC}.Release|Win32.ActiveCfg = Release|Win32
		{4BDF1B1D-B01B-484A-BCBE-2D0B366CBBFC}.Release|Win32.Build.0 = Release|Win32
		{4BDF1B1D-B01B-484A-BCBE-2D0B366CBBFC}.Release|Win32.Deploy.0 = Release|Win32
		{4BDF1B1D-B01B-484A-BCBE-2D0B366CBBFC}.Release|x64.ActiveCfg = Release|x64
		{4BDF1B1D-B01B-484A-BCBE-2D0B366CBBFC}.Release|x64.Build.0 = Release|x64
		{4BDF1B1D-B01B-484A-BCBE-2D0B366CBBFC}.Release|x64.Deploy.0 = Release|x64
		{C163CB6E-82BF-4381-A606-357FE1DD2D48}.Debug|ARM64.ActiveCfg = Debug|ARM64
		{C163CB6E-82BF-4381-A606-357FE1DD2D48}.Debug|ARM64.Build.0 = Debug|ARM64
		{C163CB6E-82BF-4381-A606-357FE1DD2D48}.Debug|ARM64.Deploy.0 = Debug|ARM64
		{C163CB6E-82BF-4381-A606-357FE1DD2D48}.Debug|Win32.ActiveCfg = Debug|Win32
		{C163CB6E-82BF-4381-A606-357FE1DD2D48}.Debug|Win32.Build.0 = Debug|Win32
		{C163CB6E-82BF-4381-A606-357FE1DD2D48}.Debug|Win32.Deploy.0 = Debug|Win32
		{C163CB6E-82BF-4381-A606-357FE1DD2D48}.Debug|x64.ActiveCfg = Debug|x64
		{C163CB6E-82BF-4381-A606-357FE1DD2D48}.Debug|x64.Build.0 = Debug|x64
		{C163CB6E-82BF-4381-A606-357FE1DD2D48}.Debug|x64.Deploy.0 = Debug|x64
		{C163CB6E-82BF-4381-A606-357FE1DD2D48}.Release|ARM64.ActiveCfg = Release|ARM64
		{C163CB6E-82BF-4381-A606-357FE1DD2D48}.Release|ARM64.Build.0 = Release|ARM64
		{C163CB6E-82BF-4381-A606-357FE1DD2D48}.Release|ARM64.Deploy.0 = Release|ARM64
		{C163CB6E-82BF-4381-A606-357FE1DD2D48}.Release|Win32.ActiveCfg = Release|Win32
		{C163CB6E-82BF-4381-A606-357FE1DD2D48}.Release|Win32.Build.0 = Release|Win32
		{C163CB6E-82BF-4381-A606-357FE1DD2D48}.Release|Win32.Deploy.0 = Release|Win32
		{C163CB6E-82BF-4381-A606-357FE1DD2D48}.Release|x64.ActiveCfg = Release|x64
		{C163CB6E-82BF-4381-A606-357FE1DD2D48}.Release|x64.Build.0 = Release|x64
		{C163CB6E-82BF-4381-A606-357FE1DD2D48}.Release|x64.Deploy.0 = Release|x64
		{FEBF910D-1CF9-4DDD-88AF-37642D6E2D1C}.Debug|ARM64.ActiveCfg = Debug|ARM64
		{FEBF910D-1CF9-4DDD-88AF-37642D6E2D1C}.Debug|ARM64.Build.0 = Debug|ARM64
		{FEBF910D-1CF9-4DDD-88AF-37642D6E2D1C}.Debug|ARM64.Deploy.0 = Debug|ARM64
		{FEBF910D-1CF9-4DDD-88AF-37642D6E2D1C}.Debug|Win32.ActiveCfg = Debug|Win32
		{FEBF910D-1CF9-4DDD-88AF-37642D6E2D1C}.Debug|Win32.Build.0 = Debug|Win32
		{FEBF910D-1CF9-4DDD-88AF-37642D6E2D1C}.Debug|Win32.Deploy.0 = Debug|Win32
		{FEBF910D-1CF9-4DDD-88AF-37642D6E2D1C}.Debug|x64.ActiveCfg = Debug|x64
		{FEBF910D-1CF9-4DDD-88AF-37642D6E2D1C}.Debug|x64.Build.0 = Debug|x64
		{FEBF910D-1CF9-4DDD-88AF-37642D6E2D1C}.Debug|x64.Deploy.0 = Debug|x64
		{FEBF910D-1CF9-4DDD-88AF-37642D6E2D1C}.Release|ARM64.ActiveCfg = Release|ARM64
		{FEBF910D-1CF9-4DDD-88AF-37642D6E2D1C}.Release|ARM64.Build.0 = Release|ARM64
		{FEBF910D-1CF9-4DDD-88AF-37642D6E2D1C}.Release|ARM64.Deploy.0 = Release|ARM64
		{FEBF910D-1CF9-4DDD-88AF-37642D6E2D1C}.Release|Win32.ActiveCfg = Release|Win32
		{FEBF910D-1CF9-4DDD-88AF-37642D6E2D1C}.Release|Win32.Build.0 = Release|Win32
		{FEBF910D-1CF9-4DDD-88AF-37642D6E2D1C}.Release|Win32.Deploy.0 = Release|Win32
		{FEBF910D-1CF9-4DDD-88AF-37642D6E2D1C}.Release|x64.ActiveCfg = Release|x64
		{FEBF910D-1CF9-4DDD-88AF-37642D6E2D1C}.Release|x64.Build.0 = Release|x64
		{FEBF910D-1CF9-4DDD-88AF-37642D6E2D1C}.Release|x64.Deploy.0 = Release|x64
		{E4BB47E7-F800-46C7-9837-9C3E5D0F456B}.Debug|ARM64.ActiveCfg = Debug|ARM64
		{E4BB47E7-F800-46C7-9837-9C3E5D0F456B}.Debug|ARM64.Build.0 = Debug|ARM64
		{E4BB47E7-F800-46C7-9837-9C3E5D0F456B}.Debug|ARM64.Deploy.0 = Debug|ARM64
		{E4BB47E7-F800-46C7-9837-9C3E5D0F456B}.Debug|Win32.ActiveCfg = Debug|Win32
		{E4BB47E7-F800-46C7-9837-9C3E5D0F456B}.Debug|Win32.Build.0 = Debug|Win32
		{E4BB47E7-F800-46C7-9837-9C3E5D0F456B}.Debug|Win32.Deploy.0 = Debug|Win32
		{E4BB47E7-F800-46C7-9837-9C3E5D0F456B}.Debug|x64.ActiveCfg = Debug|x64
		{E4BB47E7-F800-46C7-9837-9C3E5D0F456B}.Debug|x64.Build.0 = Debug|x64
		{E4BB47E7-F800-46C7-9837-9C3E5D0F456B}.Debug|x64.Deploy.0 = Debug|x64
		{E4BB47E7-F800-46C7-9837-9C3E5D0F456B}.Release|ARM64.ActiveCfg = Release|ARM64
		{E4BB47E7-F800-46C7-9837-9C3E5D0F456B}.Release|ARM64.Build.0 = Release|ARM64
		{E4BB47E7-F800-46C7-9837-9C3E5D0F456B}.Release|ARM64.Deploy.0 = Release|ARM64
		{E4BB47E7-F800-46C7-9837-9C3E5D0F456B}.Release|Win32.ActiveCfg = Release|Win32
		{E4BB47E7-F800-46C7-9837-9C3E5D0F456B}.Release|Win32.Build.0 = Release|Win32
		{E4BB47E7-F800-46C7-9837-9C3E5D0F456B}.Release|Win32.Deploy.0 = Release|Win32
		{E4BB47E7-F800-46C7-9837-9C3E5D0F456B}.Release|x64.ActiveCfg = Release|x64
		{E4BB47E7-F800-46C7-9837-9C3E5D0F456B}.Release|x64.Build.0 = Release|x64
		{E4BB47E7-F800-46C7-9837-9C3E5D0F456B}.Release|x64.Deploy.0 = Release|x64
		{2F16597F-C98B-45EB-9DCF-F69C6993301D}.Debug|ARM64.ActiveCfg = Debug|ARM64
		{2F16597F-C98B-45EB-9DCF-F69C6993301D}.Debug|ARM64.Build.0 = Debug|ARM64
		{2F16597F-C98B-45EB-9DCF-F69C6993301D}.Debug|Win32.ActiveCfg = Debug|Win32
		{2F16597F-C98B-45EB-9DCF-F69C6993301D}.Debug|Win32.Build.0 = Debug|Win32
		{2F16597F-C98B-45EB-9DCF-F69C6993301D}.Debug|x64.ActiveCfg = Debug|x64
		{2F16597F-C98B-45EB-9DCF-F69C6993301D}.Debug|x64.Build.0 = Debug|x64
		{2F16597F-C98B-45EB-9DCF-F69C6993301D}.Release|ARM64.ActiveCfg = Release|ARM64
		{2F16597F-C98B-45EB-9DCF-F69C6993301D}.Release|ARM64.Build.0 = Release|ARM64
		{2F16597F-C98B-45EB-9DCF-F69C6993301D}.Release|Win32.ActiveCfg = Release|Win32
		{2F16597F-C98B-45EB-9DCF-F69C6993301D}.Release|Win32.Build.0 = Release|Win32
		{2F16597F-C98B-45EB-9DCF-F69C6993301D}.Release|x64.ActiveCfg = Release|x64
		{2F16597F-C98B-45EB-9DCF-F69C6993301D}.Release|x64.Build.0 = Release|x64
	EndGlobalSection
	GlobalSection(SolutionProperties) = preSolution
		HideSolutionNode = FALSE
	EndGlobalSection
	GlobalSection(ExtensibilityGlobals) = postSolution
		SolutionGuid = {30C7671A-3925-4822-A619-0CC205BA7958}
	EndGlobalSection
EndGlobal
