
Microsoft Visual Studio Solution File, Format Version 12.00
# Visual Studio 15
VisualStudioVersion = 15.0.27703.2026
MinimumVisualStudioVersion = 12.0
Project("{2150E333-8FDC-42A3-9474-1A3956D46DE8}") = "OsrUsbFx2Dmf1", "OsrUsbFx2Dmf1", "{BCB7D745-20C8-48E1-A792-F708EF65B29F}"
EndProject
Project("{2150E333-8FDC-42A3-9474-1A3956D46DE8}") = "OsrUsbFx2Exe", "OsrUsbFx2Exe", "{4B2BB962-B51B-42F1-9EF7-06025B7A8E83}"
EndProject
Project("{8BC9CEB8-8B4A-11D0-8D11-00A0C91BC942}") = "osrusbfx2dmf1", "kmdf_fx2_dmf\driver_dmf_1\osrusbfx2dmf1.vcxproj", "{837F98CF-D3A4-472C-BACC-47950340E57B}"
EndProject
Project("{8BC9CEB8-8B4A-11D0-8D11-00A0C91BC942}") = "osrusbfx2", "kmdf_fx2_dmf\exe\osrusbfx2.vcxproj", "{6EED5CDD-5526-40DC-97F9-582857E10187}"
EndProject
Project("{2150E333-8FDC-42A3-9474-1A3956D46DE8}") = "OsrUsbFx2Dmf2", "OsrUsbFx2Dmf2", "{1BD7F179-A112-4E90-8473-2E134F916713}"
EndProject
Project("{8BC9CEB8-8B4A-11D0-8D11-00A0C91BC942}") = "osrusbfx2dmf2", "kmdf_fx2_dmf\driver_dmf_2\osrusbfx2dmf2.vcxproj", "{E67FD967-2406-4673-9BDC-2A5F5176CB87}"
EndProject
Project("{2150E333-8FDC-42A3-9474-1A3956D46DE8}") = "OsrUsbFx2Dmf3", "OsrUsbFx2Dmf3", "{03D8ACE2-B107-4BAC-ADF1-32ABADA4A492}"
EndProject
Project("{8BC9CEB8-8B4A-11D0-8D11-00A0C91BC942}") = "osrusbfx2dmf3", "kmdf_fx2_dmf\driver_dmf_3\osrusbfx2dmf3.vcxproj", "{5B23939C-7891-4D0A-94DA-F69845AEA260}"
EndProject
Project("{2150E333-8FDC-42A3-9474-1A3956D46DE8}") = "OsrUsbFx2Dmf4", "OsrUsbFx2Dmf4", "{E83F0902-4838-44B9-AE47-051F7CC42D92}"
EndProject
Project("{8BC9CEB8-8B4A-11D0-8D11-00A0C91BC942}") = "osrusbfx2dmf4", "kmdf_fx2_dmf\driver_dmf_4\osrusbfx2dmf4.vcxproj", "{456694CD-6C22-493D-99AF-465EF1C3C8FD}"
EndProject
Project("{2150E333-8FDC-42A3-9474-1A3956D46DE8}") = "SwitchBar1", "SwitchBar1", "{32FD874E-7485-40D4-8055-AEF730D0554A}"
EndProject
Project("{8BC9CEB8-8B4A-11D0-8D11-00A0C91BC942}") = "SwitchBar1", "SwitchBar\SwitchBar.vcxproj", "{C9A63397-628B-4267-9EDA-60988DF97D77}"
EndProject
Project("{2150E333-8FDC-42A3-9474-1A3956D46DE8}") = "SwitchBar2", "SwitchBar2", "{2FBD12EA-CF9E-465F-B014-968D940FE662}"
EndProject
Project("{8BC9CEB8-8B4A-11D0-8D11-00A0C91BC942}") = "SwitchBar2", "SwitchBar2\SwitchBar2.vcxproj", "{AC8F8F90-2486-45E0-9062-20C0138B48FE}"
EndProject
Project("{2150E333-8FDC-42A3-9474-1A3956D46DE8}") = "SwitchBar3", "SwitchBar3", "{E436A65A-CC37-44D0-AD37-4E9DAB79F318}"
EndProject
Project("{8BC9CEB8-8B4A-11D0-8D11-00A0C91BC942}") = "SwitchBar3", "SwitchBar3\SwitchBar3.vcxproj", "{4856CC80-CA8B-449B-8BF8-1DA70BF8221E}"
EndProject
Project("{2150E333-8FDC-42A3-9474-1A3956D46DE8}") = "SwitchBar4", "SwitchBar4", "{5D4A936F-A96A-4902-A2FB-351D76505796}"
EndProject
Project("{8BC9CEB8-8B4A-11D0-8D11-00A0C91BC942}") = "SwitchBar4", "SwitchBar4\SwitchBar4.vcxproj", "{F93D2D87-5412-45EE-BC1B-F680530E75DB}"
EndProject
Project("{2150E333-8FDC-42A3-9474-1A3956D46DE8}") = "SwitchBar5", "SwitchBar5", "{3DB50315-9E2A-4B0D-9260-3ABB66A8AE0C}"
EndProject
Project("{8BC9CEB8-8B4A-11D0-8D11-00A0C91BC942}") = "SwitchBar5", "SwitchBar5\SwitchBar5.vcxproj", "{058C1BE2-51EC-433F-ABA0-BCF07A65F9B3}"
EndProject
Project("{2150E333-8FDC-42A3-9474-1A3956D46DE8}") = "InterfaceSample1", "InterfaceSample1", "{522B6763-89AB-40DA-ABAE-6ED1FE6CD5AE}"
EndProject
Project("{8BC9CEB8-8B4A-11D0-8D11-00A0C91BC942}") = "InterfaceSample1", "InterfaceSample1\InterfaceSample1.vcxproj", "{05E8B353-3195-4DCE-95B5-B8A1573B815A}"
EndProject
Project("{2150E333-8FDC-42A3-9474-1A3956D46DE8}") = "LegacyProtocolTransport", "LegacyProtocolTransport", "{45975ED0-C9D4-4E85-B44B-E22A62F1B302}"
EndProject
Project("{8BC9CEB8-8B4A-11D0-8D11-00A0C91BC942}") = "LegacyProtocolTransport", "LegacyProtocolTransport\LegacyProtocolTransport.vcxproj", "{4C2941B5-24FA-4064-8C47-1F7436CB22B5}"
EndProject
Project("{2150E333-8FDC-42A3-9474-1A3956D46DE8}") = "NonPnp1", "NonPnp1", "{A2BF5164-41B8-4B3A-A501-14EF6B1D438F}"
EndProject
Project("{8BC9CEB8-8B4A-11D0-8D11-00A0C91BC942}") = "NonPnp1Sys", "NonPnp1\sys\NonPnp1.vcxproj", "{11CAE3C4-E633-42F0-BA9A-ABFE5A1C8305}"
EndProject
Project("{8BC9CEB8-8B4A-11D0-8D11-00A0C91BC942}") = "NonPnp1Exe", "NonPnp1\exe\NonPnp1Exe.vcxproj", "{43F430EA-B1A7-4A80-B390-121C1C5A99C4}"
EndProject
Project("{2150E333-8FDC-42A3-9474-1A3956D46DE8}") = "VHidMini2Dmf", "VHidMini2Dmf", "{5EDDC6E8-C1AE-44B8-845E-8FD98088C690}"
	ProjectSection(SolutionItems) = preProject
		VHidMini2Dmf\README.md = VHidMini2Dmf\README.md
	EndProjectSection
EndProject
Project("{8BC9CEB8-8B4A-11D0-8D11-00A0C91BC942}") = "VHidMini2DmfK", "VHidMini2Dmf\Kernel\VHidMini2DmfK.vcxproj", "{FBBF1FFF-60D0-4223-BC88-5CC306383214}"
EndProject
Project("{8BC9CEB8-8B4A-11D0-8D11-00A0C91BC942}") = "VHidMini2DmfU", "VHidMini2Dmf\User\VHidMini2DmfU.vcxproj", "{E98FB229-86D0-4EAF-8FC1-D20F63F5991C}"
EndProject
Global
	GlobalSection(SolutionConfigurationPlatforms) = preSolution
		Debug|Win32 = Debug|Win32
		Debug|x64 = Debug|x64
		Release|Win32 = Release|Win32
		Release|x64 = Release|x64
	EndGlobalSection
	GlobalSection(ProjectConfigurationPlatforms) = postSolution
		{837F98CF-D3A4-472C-BACC-47950340E57B}.Debug|Win32.ActiveCfg = Debug|Win32
		{837F98CF-D3A4-472C-BACC-47950340E57B}.Debug|Win32.Build.0 = Debug|Win32
		{837F98CF-D3A4-472C-BACC-47950340E57B}.Debug|x64.ActiveCfg = Debug|x64
		{837F98CF-D3A4-472C-BACC-47950340E57B}.Debug|x64.Build.0 = Debug|x64
		{837F98CF-D3A4-472C-BACC-47950340E57B}.Release|Win32.ActiveCfg = Release|Win32
		{837F98CF-D3A4-472C-BACC-47950340E57B}.Release|Win32.Build.0 = Release|Win32
		{837F98CF-D3A4-472C-BACC-47950340E57B}.Release|x64.ActiveCfg = Release|x64
		{837F98CF-D3A4-472C-BACC-47950340E57B}.Release|x64.Build.0 = Release|x64
		{6EED5CDD-5526-40DC-97F9-582857E10187}.Debug|Win32.ActiveCfg = Debug|Win32
		{6EED5CDD-5526-40DC-97F9-582857E10187}.Debug|Win32.Build.0 = Debug|Win32
		{6EED5CDD-5526-40DC-97F9-582857E10187}.Debug|x64.ActiveCfg = Debug|x64
		{6EED5CDD-5526-40DC-97F9-582857E10187}.Debug|x64.Build.0 = Debug|x64
		{6EED5CDD-5526-40DC-97F9-582857E10187}.Release|Win32.ActiveCfg = Release|Win32
		{6EED5CDD-5526-40DC-97F9-582857E10187}.Release|Win32.Build.0 = Release|Win32
		{6EED5CDD-5526-40DC-97F9-582857E10187}.Release|x64.ActiveCfg = Release|x64
		{6EED5CDD-5526-40DC-97F9-582857E10187}.Release|x64.Build.0 = Release|x64
		{E67FD967-2406-4673-9BDC-2A5F5176CB87}.Debug|Win32.ActiveCfg = Debug|Win32
		{E67FD967-2406-4673-9BDC-2A5F5176CB87}.Debug|Win32.Build.0 = Debug|Win32
		{E67FD967-2406-4673-9BDC-2A5F5176CB87}.Debug|x64.ActiveCfg = Debug|x64
		{E67FD967-2406-4673-9BDC-2A5F5176CB87}.Debug|x64.Build.0 = Debug|x64
		{E67FD967-2406-4673-9BDC-2A5F5176CB87}.Release|Win32.ActiveCfg = Release|Win32
		{E67FD967-2406-4673-9BDC-2A5F5176CB87}.Release|Win32.Build.0 = Release|Win32
		{E67FD967-2406-4673-9BDC-2A5F5176CB87}.Release|x64.ActiveCfg = Release|x64
		{E67FD967-2406-4673-9BDC-2A5F5176CB87}.Release|x64.Build.0 = Release|x64
		{5B23939C-7891-4D0A-94DA-F69845AEA260}.Debug|Win32.ActiveCfg = Debug|Win32
		{5B23939C-7891-4D0A-94DA-F69845AEA260}.Debug|Win32.Build.0 = Debug|Win32
		{5B23939C-7891-4D0A-94DA-F69845AEA260}.Debug|x64.ActiveCfg = Debug|x64
		{5B23939C-7891-4D0A-94DA-F69845AEA260}.Debug|x64.Build.0 = Debug|x64
		{5B23939C-7891-4D0A-94DA-F69845AEA260}.Release|Win32.ActiveCfg = Release|Win32
		{5B23939C-7891-4D0A-94DA-F69845AEA260}.Release|Win32.Build.0 = Release|Win32
		{5B23939C-7891-4D0A-94DA-F69845AEA260}.Release|x64.ActiveCfg = Release|x64
		{5B23939C-7891-4D0A-94DA-F69845AEA260}.Release|x64.Build.0 = Release|x64
		{456694CD-6C22-493D-99AF-465EF1C3C8FD}.Debug|Win32.ActiveCfg = Debug|Win32
		{456694CD-6C22-493D-99AF-465EF1C3C8FD}.Debug|Win32.Build.0 = Debug|Win32
		{456694CD-6C22-493D-99AF-465EF1C3C8FD}.Debug|x64.ActiveCfg = Debug|x64
		{456694CD-6C22-493D-99AF-465EF1C3C8FD}.Debug|x64.Build.0 = Debug|x64
		{456694CD-6C22-493D-99AF-465EF1C3C8FD}.Release|Win32.ActiveCfg = Release|Win32
		{456694CD-6C22-493D-99AF-465EF1C3C8FD}.Release|Win32.Build.0 = Release|Win32
		{456694CD-6C22-493D-99AF-465EF1C3C8FD}.Release|x64.ActiveCfg = Release|x64
		{456694CD-6C22-493D-99AF-465EF1C3C8FD}.Release|x64.Build.0 = Release|x64
		{C9A63397-628B-4267-9EDA-60988DF97D77}.Debug|Win32.ActiveCfg = Debug|Win32
		{C9A63397-628B-4267-9EDA-60988DF97D77}.Debug|Win32.Build.0 = Debug|Win32
		{C9A63397-628B-4267-9EDA-60988DF97D77}.Debug|x64.ActiveCfg = Debug|x64
		{C9A63397-628B-4267-9EDA-60988DF97D77}.Debug|x64.Build.0 = Debug|x64
		{C9A63397-628B-4267-9EDA-60988DF97D77}.Release|Win32.ActiveCfg = Release|Win32
		{C9A63397-628B-4267-9EDA-60988DF97D77}.Release|Win32.Build.0 = Release|Win32
		{C9A63397-628B-4267-9EDA-60988DF97D77}.Release|x64.ActiveCfg = Release|x64
		{C9A63397-628B-4267-9EDA-60988DF97D77}.Release|x64.Build.0 = Release|x64
		{AC8F8F90-2486-45E0-9062-20C0138B48FE}.Debug|Win32.ActiveCfg = Debug|Win32
		{AC8F8F90-2486-45E0-9062-20C0138B48FE}.Debug|Win32.Build.0 = Debug|Win32
		{AC8F8F90-2486-45E0-9062-20C0138B48FE}.Debug|x64.ActiveCfg = Debug|x64
		{AC8F8F90-2486-45E0-9062-20C0138B48FE}.Debug|x64.Build.0 = Debug|x64
		{AC8F8F90-2486-45E0-9062-20C0138B48FE}.Release|Win32.ActiveCfg = Release|Win32
		{AC8F8F90-2486-45E0-9062-20C0138B48FE}.Release|Win32.Build.0 = Release|Win32
		{AC8F8F90-2486-45E0-9062-20C0138B48FE}.Release|x64.ActiveCfg = Release|x64
		{AC8F8F90-2486-45E0-9062-20C0138B48FE}.Release|x64.Build.0 = Release|x64
		{4856CC80-CA8B-449B-8BF8-1DA70BF8221E}.Debug|Win32.ActiveCfg = Debug|Win32
		{4856CC80-CA8B-449B-8BF8-1DA70BF8221E}.Debug|Win32.Build.0 = Debug|Win32
		{4856CC80-CA8B-449B-8BF8-1DA70BF8221E}.Debug|x64.ActiveCfg = Debug|x64
		{4856CC80-CA8B-449B-8BF8-1DA70BF8221E}.Debug|x64.Build.0 = Debug|x64
		{4856CC80-CA8B-449B-8BF8-1DA70BF8221E}.Release|Win32.ActiveCfg = Release|Win32
		{4856CC80-CA8B-449B-8BF8-1DA70BF8221E}.Release|Win32.Build.0 = Release|Win32
		{4856CC80-CA8B-449B-8BF8-1DA70BF8221E}.Release|x64.ActiveCfg = Release|x64
		{4856CC80-CA8B-449B-8BF8-1DA70BF8221E}.Release|x64.Build.0 = Release|x64
		{F93D2D87-5412-45EE-BC1B-F680530E75DB}.Debug|Win32.ActiveCfg = Debug|Win32
		{F93D2D87-5412-45EE-BC1B-F680530E75DB}.Debug|Win32.Build.0 = Debug|Win32
		{F93D2D87-5412-45EE-BC1B-F680530E75DB}.Debug|x64.ActiveCfg = Debug|x64
		{F93D2D87-5412-45EE-BC1B-F680530E75DB}.Debug|x64.Build.0 = Debug|x64
		{F93D2D87-5412-45EE-BC1B-F680530E75DB}.Release|Win32.ActiveCfg = Release|Win32
		{F93D2D87-5412-45EE-BC1B-F680530E75DB}.Release|Win32.Build.0 = Release|Win32
		{F93D2D87-5412-45EE-BC1B-F680530E75DB}.Release|x64.ActiveCfg = Release|x64
		{F93D2D87-5412-45EE-BC1B-F680530E75DB}.Release|x64.Build.0 = Release|x64
		{058C1BE2-51EC-433F-ABA0-BCF07A65F9B3}.Debug|Win32.ActiveCfg = Debug|Win32
		{058C1BE2-51EC-433F-ABA0-BCF07A65F9B3}.Debug|Win32.Build.0 = Debug|Win32
		{058C1BE2-51EC-433F-ABA0-BCF07A65F9B3}.Debug|x64.ActiveCfg = Debug|x64
		{058C1BE2-51EC-433F-ABA0-BCF07A65F9B3}.Debug|x64.Build.0 = Debug|x64
		{058C1BE2-51EC-433F-ABA0-BCF07A65F9B3}.Release|Win32.ActiveCfg = Release|Win32
		{058C1BE2-51EC-433F-ABA0-BCF07A65F9B3}.Release|Win32.Build.0 = Release|Win32
		{058C1BE2-51EC-433F-ABA0-BCF07A65F9B3}.Release|x64.ActiveCfg = Release|x64
		{058C1BE2-51EC-433F-ABA0-BCF07A65F9B3}.Release|x64.Build.0 = Release|x64
		{05E8B353-3195-4DCE-95B5-B8A1573B815A}.Debug|Win32.ActiveCfg = Debug|Win32
		{05E8B353-3195-4DCE-95B5-B8A1573B815A}.Debug|Win32.Build.0 = Debug|Win32
		{05E8B353-3195-4DCE-95B5-B8A1573B815A}.Debug|x64.ActiveCfg = Debug|x64
		{05E8B353-3195-4DCE-95B5-B8A1573B815A}.Debug|x64.Build.0 = Debug|x64
		{05E8B353-3195-4DCE-95B5-B8A1573B815A}.Release|Win32.ActiveCfg = Release|Win32
		{05E8B353-3195-4DCE-95B5-B8A1573B815A}.Release|Win32.Build.0 = Release|Win32
		{05E8B353-3195-4DCE-95B5-B8A1573B815A}.Release|x64.ActiveCfg = Release|x64
		{05E8B353-3195-4DCE-95B5-B8A1573B815A}.Release|x64.Build.0 = Release|x64
		{4C2941B5-24FA-4064-8C47-1F7436CB22B5}.Debug|Win32.ActiveCfg = Debug|Win32
		{4C2941B5-24FA-4064-8C47-1F7436CB22B5}.Debug|Win32.Build.0 = Debug|Win32
		{4C2941B5-24FA-4064-8C47-1F7436CB22B5}.Debug|x64.ActiveCfg = Debug|x64
		{4C2941B5-24FA-4064-8C47-1F7436CB22B5}.Debug|x64.Build.0 = Debug|x64
		{4C2941B5-24FA-4064-8C47-1F7436CB22B5}.Release|Win32.ActiveCfg = Release|Win32
		{4C2941B5-24FA-4064-8C47-1F7436CB22B5}.Release|Win32.Build.0 = Release|Win32
		{4C2941B5-24FA-4064-8C47-1F7436CB22B5}.Release|x64.ActiveCfg = Release|x64
		{4C2941B5-24FA-4064-8C47-1F7436CB22B5}.Release|x64.Build.0 = Release|x64
		{11CAE3C4-E633-42F0-BA9A-ABFE5A1C8305}.Debug|Win32.ActiveCfg = Debug|Win32
		{11CAE3C4-E633-42F0-BA9A-ABFE5A1C8305}.Debug|Win32.Build.0 = Debug|Win32
		{11CAE3C4-E633-42F0-BA9A-ABFE5A1C8305}.Debug|x64.ActiveCfg = Debug|x64
		{11CAE3C4-E633-42F0-BA9A-ABFE5A1C8305}.Debug|x64.Build.0 = Debug|x64
		{11CAE3C4-E633-42F0-BA9A-ABFE5A1C8305}.Release|Win32.ActiveCfg = Release|Win32
		{11CAE3C4-E633-42F0-BA9A-ABFE5A1C8305}.Release|Win32.Build.0 = Release|Win32
		{11CAE3C4-E633-42F0-BA9A-ABFE5A1C8305}.Release|x64.ActiveCfg = Release|x64
		{11CAE3C4-E633-42F0-BA9A-ABFE5A1C8305}.Release|x64.Build.0 = Release|x64
		{43F430EA-B1A7-4A80-B390-121C1C5A99C4}.Debug|Win32.ActiveCfg = Debug|Win32
		{43F430EA-B1A7-4A80-B390-121C1C5A99C4}.Debug|Win32.Build.0 = Debug|Win32
		{43F430EA-B1A7-4A80-B390-121C1C5A99C4}.Debug|x64.ActiveCfg = Debug|x64
		{43F430EA-B1A7-4A80-B390-121C1C5A99C4}.Debug|x64.Build.0 = Debug|x64
		{43F430EA-B1A7-4A80-B390-121C1C5A99C4}.Release|Win32.ActiveCfg = Release|Win32
		{43F430EA-B1A7-4A80-B390-121C1C5A99C4}.Release|Win32.Build.0 = Release|Win32
		{43F430EA-B1A7-4A80-B390-121C1C5A99C4}.Release|x64.ActiveCfg = Release|x64
		{43F430EA-B1A7-4A80-B390-121C1C5A99C4}.Release|x64.Build.0 = Release|x64
		{FBBF1FFF-60D0-4223-BC88-5CC306383214}.Debug|Win32.ActiveCfg = Debug|Win32
		{FBBF1FFF-60D0-4223-BC88-5CC306383214}.Debug|Win32.Build.0 = Debug|Win32
		{FBBF1FFF-60D0-4223-BC88-5CC306383214}.Debug|x64.ActiveCfg = Debug|x64
		{FBBF1FFF-60D0-4223-BC88-5CC306383214}.Debug|x64.Build.0 = Debug|x64
		{FBBF1FFF-60D0-4223-BC88-5CC306383214}.Release|Win32.ActiveCfg = Release|Win32
		{FBBF1FFF-60D0-4223-BC88-5CC306383214}.Release|Win32.Build.0 = Release|Win32
		{FBBF1FFF-60D0-4223-BC88-5CC306383214}.Release|x64.ActiveCfg = Release|x64
		{FBBF1FFF-60D0-4223-BC88-5CC306383214}.Release|x64.Build.0 = Release|x64
		{E98FB229-86D0-4EAF-8FC1-D20F63F5991C}.Debug|Win32.ActiveCfg = Debug|Win32
		{E98FB229-86D0-4EAF-8FC1-D20F63F5991C}.Debug|Win32.Build.0 = Debug|Win32
		{E98FB229-86D0-4EAF-8FC1-D20F63F5991C}.Debug|x64.ActiveCfg = Debug|x64
		{E98FB229-86D0-4EAF-8FC1-D20F63F5991C}.Debug|x64.Build.0 = Debug|x64
		{E98FB229-86D0-4EAF-8FC1-D20F63F5991C}.Release|Win32.ActiveCfg = Release|Win32
		{E98FB229-86D0-4EAF-8FC1-D20F63F5991C}.Release|Win32.Build.0 = Release|Win32
		{E98FB229-86D0-4EAF-8FC1-D20F63F5991C}.Release|x64.ActiveCfg = Release|x64
		{E98FB229-86D0-4EAF-8FC1-D20F63F5991C}.Release|x64.Build.0 = Release|x64
	EndGlobalSection
	GlobalSection(SolutionProperties) = preSolution
		HideSolutionNode = FALSE
	EndGlobalSection
	GlobalSection(NestedProjects) = preSolution
		{837F98CF-D3A4-472C-BACC-47950340E57B} = {BCB7D745-20C8-48E1-A792-F708EF65B29F}
		{6EED5CDD-5526-40DC-97F9-582857E10187} = {4B2BB962-B51B-42F1-9EF7-06025B7A8E83}
		{E67FD967-2406-4673-9BDC-2A5F5176CB87} = {1BD7F179-A112-4E90-8473-2E134F916713}
		{5B23939C-7891-4D0A-94DA-F69845AEA260} = {03D8ACE2-B107-4BAC-ADF1-32ABADA4A492}
		{456694CD-6C22-493D-99AF-465EF1C3C8FD} = {E83F0902-4838-44B9-AE47-051F7CC42D92}
		{C9A63397-628B-4267-9EDA-60988DF97D77} = {32FD874E-7485-40D4-8055-AEF730D0554A}
		{AC8F8F90-2486-45E0-9062-20C0138B48FE} = {2FBD12EA-CF9E-465F-B014-968D940FE662}
		{4856CC80-CA8B-449B-8BF8-1DA70BF8221E} = {E436A65A-CC37-44D0-AD37-4E9DAB79F318}
		{F93D2D87-5412-45EE-BC1B-F680530E75DB} = {5D4A936F-A96A-4902-A2FB-351D76505796}
		{058C1BE2-51EC-433F-ABA0-BCF07A65F9B3} = {3DB50315-9E2A-4B0D-9260-3ABB66A8AE0C}
		{05E8B353-3195-4DCE-95B5-B8A1573B815A} = {522B6763-89AB-40DA-ABAE-6ED1FE6CD5AE}
		{4C2941B5-24FA-4064-8C47-1F7436CB22B5} = {45975ED0-C9D4-4E85-B44B-E22A62F1B302}
		{11CAE3C4-E633-42F0-BA9A-ABFE5A1C8305} = {A2BF5164-41B8-4B3A-A501-14EF6B1D438F}
		{43F430EA-B1A7-4A80-B390-121C1C5A99C4} = {A2BF5164-41B8-4B3A-A501-14EF6B1D438F}
		{FBBF1FFF-60D0-4223-BC88-5CC306383214} = {5EDDC6E8-C1AE-44B8-845E-8FD98088C690}
		{E98FB229-86D0-4EAF-8FC1-D20F63F5991C} = {5EDDC6E8-C1AE-44B8-845E-8FD98088C690}
	EndGlobalSection
	GlobalSection(ExtensibilityGlobals) = postSolution
		SolutionGuid = {F165374D-3FC4-4EC6-BC80-70000B7DDA2C}
	EndGlobalSection
EndGlobal
