<?xml version="1.0" encoding="utf-8"?>
<Project ToolsVersion="4.0" xmlns="http://schemas.microsoft.com/developer/msbuild/2003">
  <ItemGroup>
    <Filter Include="Headers">
      <UniqueIdentifier>{a573aaaf-8942-43e3-9c8e-bc2ea811de4c}</UniqueIdentifier>
    </Filter>
    <Filter Include="Documentation">
      <UniqueIdentifier>{88ba9862-fb79-4c1e-8e5d-5c8eac92891d}</UniqueIdentifier>
    </Filter>
    <Filter Include="Resources">
      <UniqueIdentifier>{51ea2c82-9f57-4a74-b018-a08334a6267f}</UniqueIdentifier>
    </Filter>
    <Filter Include="Modules">
      <UniqueIdentifier>{834aa61c-869b-4154-a396-821a6c6c5034}</UniqueIdentifier>
    </Filter>
  </ItemGroup>
  <ItemGroup>
    <ClCompile Include="..\..\Modules.Template\Dmf_Template.c">
      <Filter>Modules</Filter>
    </ClCompile>
    <ClCompile Include="..\..\Modules.Template\Dmf_VirtualHidMiniSample.c">
      <Filter>Modules</Filter>
    </ClCompile>
  </ItemGroup>
  <ItemGroup>
    <ClInclude Include="..\..\Modules.Template\Dmf_Template.h">
      <Filter>Headers</Filter>
    </ClInclude>
    <ClInclude Include="..\..\Modules.Template\DmfModules.Template.h">
      <Filter>Headers</Filter>
    </ClInclude>
    <ClInclude Include="..\..\Modules.Template\DmfModules.Template.Public.h">
      <Filter>Headers</Filter>
    </ClInclude>
    <ClInclude Include="..\..\Modules.Template\DmfModules.Template.Trace.h">
      <Filter>Headers</Filter>
    </ClInclude>
    <ClInclude Include="..\..\Modules.Template\Dmf_VirtualHidMiniSample.h">
      <Filter>Headers</Filter>
    </ClInclude>
  </ItemGroup>
  <ItemGroup>
    <None Include="..\..\Modules.Template\Dmf_Template.md">
      <Filter>Documentation</Filter>
    </None>
    <None Include="..\..\Modules.Template\Dmf_VirtualHidMiniSample.md">
      <Filter>Documentation</Filter>
    </None>
  </ItemGroup>
</Project>