<?xml version="1.0" encoding="utf-8"?>
<Project ToolsVersion="4.0" xmlns="http://schemas.microsoft.com/developer/msbuild/2003">
  <ItemGroup>
    <Filter Include="Modules">
      <UniqueIdentifier>{8711f9a5-efff-4df9-82c1-e5d432c2f862}</UniqueIdentifier>
    </Filter>
    <Filter Include="Headers">
      <UniqueIdentifier>{89e2ccdc-199f-4d86-8f4f-620fe1bd5b13}</UniqueIdentifier>
    </Filter>
    <Filter Include="Documentation">
      <UniqueIdentifier>{c92f597f-9e8d-4fbc-bc33-1ceae67cba67}</UniqueIdentifier>
    </Filter>
  </ItemGroup>
  <ItemGroup>
    <ClCompile Include="..\..\Modules.Library.Tests\Dmf_Tests_BufferPool.c">
      <Filter>Modules</Filter>
    </ClCompile>
    <ClCompile Include="..\..\Modules.Library.Tests\Dmf_Tests_BufferQueue.c">
      <Filter>Modules</Filter>
    </ClCompile>
    <ClCompile Include="..\..\Modules.Library.Tests\Dmf_Tests_DefaultTarget.c">
      <Filter>Modules</Filter>
    </ClCompile>
    <ClCompile Include="..\..\Modules.Library.Tests\Dmf_Tests_DeviceInterfaceTarget.c">
      <Filter>Modules</Filter>
    </ClCompile>
    <ClCompile Include="..\..\Modules.Library.Tests\Dmf_Tests_HashTable.c">
      <Filter>Modules</Filter>
    </ClCompile>
    <ClCompile Include="..\..\Modules.Library.Tests\Dmf_Tests_IoctlHandler.c">
      <Filter>Modules</Filter>
    </ClCompile>
    <ClCompile Include="..\..\Modules.Library.Tests\Dmf_Tests_Pdo.c">
      <Filter>Modules</Filter>
    </ClCompile>
    <ClCompile Include="..\..\Modules.Library.Tests\Dmf_Tests_PingPongBuffer.c">
      <Filter>Modules</Filter>
    </ClCompile>
    <ClCompile Include="..\..\Modules.Library.Tests\Dmf_Tests_Registry.c">
      <Filter>Modules</Filter>
    </ClCompile>
    <ClCompile Include="..\..\Modules.Library.Tests\Dmf_Tests_RingBuffer.c">
      <Filter>Modules</Filter>
    </ClCompile>
    <ClCompile Include="..\..\Modules.Library.Tests\Dmf_Tests_ScheduledTask.c">
      <Filter>Modules</Filter>
    </ClCompile>
    <ClCompile Include="..\..\Modules.Library.Tests\Dmf_Tests_SelfTarget.c">
      <Filter>Modules</Filter>
    </ClCompile>
    <ClCompile Include="..\..\Modules.Library.Tests\Dmf_Tests_String.c">
      <Filter>Modules</Filter>
    </ClCompile>
    <ClCompile Include="..\..\Modules.Library.Tests\TestsUtility.c">
      <Filter>Modules</Filter>
    </ClCompile>
    <ClCompile Include="..\..\Modules.Library.Tests\Dmf_Tests_AlertableSleep.c">
      <Filter>Modules</Filter>
    </ClCompile>
    <ClCompile Include="..\..\Modules.Library.Tests\Dmf_Tests_Stack.c">
      <Filter>Modules</Filter>
    </ClCompile>
  </ItemGroup>
  <ItemGroup>
    <ClInclude Include="..\..\Modules.Library.Tests\TestsUtility.h">
      <Filter>Headers</Filter>
    </ClInclude>
    <ClInclude Include="..\..\Modules.Library.Tests\DmfModules.Library.Tests.Trace.h">
      <Filter>Headers</Filter>
    </ClInclude>
    <ClInclude Include="..\..\Modules.Library.Tests\DmfModules.Library.Tests.Public.h">
      <Filter>Headers</Filter>
    </ClInclude>
    <ClInclude Include="..\..\Modules.Library.Tests\DmfModules.Library.Tests.h">
      <Filter>Headers</Filter>
    </ClInclude>
    <ClInclude Include="..\..\Modules.Library.Tests\Dmf_Tests_String.h">
      <Filter>Headers</Filter>
    </ClInclude>
    <ClInclude Include="..\..\Modules.Library.Tests\Dmf_Tests_SelfTarget.h">
      <Filter>Headers</Filter>
    </ClInclude>
    <ClInclude Include="..\..\Modules.Library.Tests\Dmf_Tests_ScheduledTask.h">
      <Filter>Headers</Filter>
    </ClInclude>
    <ClInclude Include="..\..\Modules.Library.Tests\Dmf_Tests_RingBuffer.h">
      <Filter>Headers</Filter>
    </ClInclude>
    <ClInclude Include="..\..\Modules.Library.Tests\Dmf_Tests_Registry.h">
      <Filter>Headers</Filter>
    </ClInclude>
    <ClInclude Include="..\..\Modules.Library.Tests\Dmf_Tests_PingPongBuffer.h">
      <Filter>Headers</Filter>
    </ClInclude>
    <ClInclude Include="..\..\Modules.Library.Tests\Dmf_Tests_Pdo.h">
      <Filter>Headers</Filter>
    </ClInclude>
    <ClInclude Include="..\..\Modules.Library.Tests\Dmf_Tests_IoctlHandler_Public.h">
      <Filter>Headers</Filter>
    </ClInclude>
    <ClInclude Include="..\..\Modules.Library.Tests\Dmf_Tests_IoctlHandler.h">
      <Filter>Headers</Filter>
    </ClInclude>
    <ClInclude Include="..\..\Modules.Library.Tests\Dmf_Tests_HashTable.h">
      <Filter>Headers</Filter>
    </ClInclude>
    <ClInclude Include="..\..\Modules.Library.Tests\Dmf_Tests_DeviceInterfaceTarget.h">
      <Filter>Headers</Filter>
    </ClInclude>
    <ClInclude Include="..\..\Modules.Library.Tests\Dmf_Tests_DefaultTarget.h">
      <Filter>Headers</Filter>
    </ClInclude>
    <ClInclude Include="..\..\Modules.Library.Tests\Dmf_Tests_BufferQueue.h">
      <Filter>Headers</Filter>
    </ClInclude>
    <ClInclude Include="..\..\Modules.Library.Tests\Dmf_Tests_BufferPool.h">
      <Filter>Headers</Filter>
    </ClInclude>
    <ClInclude Include="..\..\Modules.Library.Tests\Dmf_Tests_AlertableSleep.h">
      <Filter>Headers</Filter>
    </ClInclude>
    <ClInclude Include="..\..\Modules.Library.Tests\Dmf_Tests_Stack.h">
      <Filter>Headers</Filter>
    </ClInclude>
  </ItemGroup>
</Project>